
Microsoft Visual Studio Solution File, Format Version 12.00
# Visual Studio Version 16
VisualStudioVersion = 16.0.30011.22
MinimumVisualStudioVersion = 10.0.40219.1
Project("{9A19103F-16F7-4668-BE54-9A1E7A4F7556}") = "NotesManagement.Web", "Web\NotesManagement.Web.csproj", "{28DC6994-1CB1-4023-94A9-A2EADCD4E3CB}"
EndProject
Project("{9A19103F-16F7-4668-BE54-9A1E7A4F7556}") = "E2E-Test", "E2E-Test\E2E-Test.csproj", "{13FE040F-4884-486B-A0AB-2A96ED42F45B}"
EndProject
Project("{9A19103F-16F7-4668-BE54-9A1E7A4F7556}") = "NotesManagement.BLL", "BLL\NotesManagement.BLL.csproj", "{49C25930-43A1-43E3-8A1D-C7E263C87DF1}"
EndProject
Project("{9A19103F-16F7-4668-BE54-9A1E7A4F7556}") = "NotesManagement.DAL", "DAL\NotesManagement.DAL.csproj", "{B2DAB517-E224-41D8-B72B-5C12DE07D5D1}"
EndProject
Global
	GlobalSection(SolutionConfigurationPlatforms) = preSolution
		Debug|Any CPU = Debug|Any CPU
		Release|Any CPU = Release|Any CPU
	EndGlobalSection
	GlobalSection(ProjectConfigurationPlatforms) = postSolution
		{28DC6994-1CB1-4023-94A9-A2EADCD4E3CB}.Debug|Any CPU.ActiveCfg = Debug|Any CPU
		{28DC6994-1CB1-4023-94A9-A2EADCD4E3CB}.Debug|Any CPU.Build.0 = Debug|Any CPU
		{28DC6994-1CB1-4023-94A9-A2EADCD4E3CB}.Release|Any CPU.ActiveCfg = Release|Any CPU
		{28DC6994-1CB1-4023-94A9-A2EADCD4E3CB}.Release|Any CPU.Build.0 = Release|Any CPU
		{13FE040F-4884-486B-A0AB-2A96ED42F45B}.Debug|Any CPU.ActiveCfg = Debug|Any CPU
		{13FE040F-4884-486B-A0AB-2A96ED42F45B}.Debug|Any CPU.Build.0 = Debug|Any CPU
		{13FE040F-4884-486B-A0AB-2A96ED42F45B}.Release|Any CPU.ActiveCfg = Release|Any CPU
		{13FE040F-4884-486B-A0AB-2A96ED42F45B}.Release|Any CPU.Build.0 = Release|Any CPU
		{49C25930-43A1-43E3-8A1D-C7E263C87DF1}.Debug|Any CPU.ActiveCfg = Debug|Any CPU
		{49C25930-43A1-43E3-8A1D-C7E263C87DF1}.Debug|Any CPU.Build.0 = Debug|Any CPU
		{49C25930-43A1-43E3-8A1D-C7E263C87DF1}.Release|Any CPU.ActiveCfg = Release|Any CPU
		{49C25930-43A1-43E3-8A1D-C7E263C87DF1}.Release|Any CPU.Build.0 = Release|Any CPU
		{B2DAB517-E224-41D8-B72B-5C12DE07D5D1}.Debug|Any CPU.ActiveCfg = Debug|Any CPU
		{B2DAB517-E224-41D8-B72B-5C12DE07D5D1}.Debug|Any CPU.Build.0 = Debug|Any CPU
		{B2DAB517-E224-41D8-B72B-5C12DE07D5D1}.Release|Any CPU.ActiveCfg = Release|Any CPU
		{B2DAB517-E224-41D8-B72B-5C12DE07D5D1}.Release|Any CPU.Build.0 = Release|Any CPU
	EndGlobalSection
	GlobalSection(SolutionProperties) = preSolution
		HideSolutionNode = FALSE
	EndGlobalSection
	GlobalSection(ExtensibilityGlobals) = postSolution
		SolutionGuid = {20DFF5DF-F112-4EB1-9EBE-FA67CEEE1010}
	EndGlobalSection
EndGlobal
